# THIS IS AN AUTOGENERATED FILE. DO NOT EDIT THIS FILE DIRECTLY.
# yarn lockfile v1


"@composer-asset/maileryio--mailery-icon@file:./vendor/foxy/composer-asset/maileryio/mailery-icon":
  version "1.0.0"

"@composer-asset/yiisoft--assets@file:./vendor/foxy/composer-asset/yiisoft/assets":
  version "1.0.0"
